Microsoft Visual Studio Solution File, Format Version 12.00
# Visual Studio Version 16
VisualStudioVersion = 16.0.30128.74
MinimumVisualStudioVersion = 10.0.40219.1
Project("{FAE04EC0-301F-11D3-BF4B-00C04F79EFBC}") = "SongProject", "SongProject.csproj", "{B4BE30B7-ECE0-4F7A-B368-8B67D42DECAD}"
EndProject
Global
	GlobalSection(SolutionConfigurationPlatforms) = preSolution
		Debug|Any CPU = Debug|Any CPU
		Release|Any CPU = Release|Any CPU
	EndGlobalSection
	GlobalSection(ProjectConfigurationPlatforms) = postSolution
		{B4BE30B7-ECE0-4F7A-B368-8B67D42DECAD}.Debug|Any CPU.ActiveCfg = Debug|Any CPU
		{B4BE30B7-ECE0-4F7A-B368-8B67D42DECAD}.Debug|Any CPU.Build.0 = Debug|Any CPU
		{B4BE30B7-ECE0-4F7A-B368-8B67D42DECAD}.Release|Any CPU.ActiveCfg = Release|Any CPU
		{B4BE30B7-ECE0-4F7A-B368-8B67D42DECAD}.Release|Any CPU.Build.0 = Release|Any CPU
	EndGlobalSection
	GlobalSection(SolutionProperties) = preSolution
		HideSolutionNode = FALSE
	EndGlobalSection
	GlobalSection(ExtensibilityGlobals) = postSolution
		SolutionGuid = {50492949-5CD6-4DA0-A853-A2C334979FB5}
	EndGlobalSection
EndGlobal
